{
  "name": "themes",
  "lockfileVersion": 3,
  "requires": true,
  "packages": {
    "": {
      "dependencies": {
        "mytheme": "file:../../themes/mytheme"
      }
    },
    "../../themes/mytheme": {
      "version": "0.0.1",
      "devDependencies": {
        "@vivliostyle/cli": "latest",
        "sass": "^1.32.8"
      }
    },
    "node_modules/mytheme": {
      "resolved": "../../themes/mytheme",
      "link": true
    }
  }
}
